
Microsoft Visual Studio Solution File, Format Version 12.00
# Visual Studio Version 17
VisualStudioVersion = 17.0.31903.59
MinimumVisualStudioVersion = 10.0.40219.1
Project("{FAE04EC0-301F-11D3-BF4B-00C04F79EFBC}") = "JobQueueSystem.Core", "JobQueueSystem.Core\JobQueueSystem.Core.csproj", "{93AABF71-9B88-4112-B5F4-F85FB40E928B}"
EndProject
Project("{FAE04EC0-301F-11D3-BF4B-00C04F79EFBC}") = "JobQueueSystem.QueueService", "JobQueueSystem.QueueService\JobQueueSystem.QueueService.csproj", "{326B3DFE-F16D-49E1-A927-18D6B31BEE23}"
EndProject
Project("{FAE04EC0-301F-11D3-BF4B-00C04F79EFBC}") = "JobQueueSystem.WorkerNode", "JobQueueSystem.WorkerNode\JobQueueSystem.WorkerNode.csproj", "{92D8CEAF-0775-482D-9A12-6718399C8112}"
EndProject
Project("{2150E333-8FDC-42A3-9474-1A3956D46DE8}") = "Solution Items", "Solution Items", "{2291186B-2DBC-4E10-AE41-C8EDBF0390E9}"
	ProjectSection(SolutionItems) = preProject
		.gitignore = .gitignore
	EndProjectSection
EndProject
Global
	GlobalSection(SolutionConfigurationPlatforms) = preSolution
		Debug|Any CPU = Debug|Any CPU
		Release|Any CPU = Release|Any CPU
	EndGlobalSection
	GlobalSection(ProjectConfigurationPlatforms) = postSolution
		{93AABF71-9B88-4112-B5F4-F85FB40E928B}.Debug|Any CPU.ActiveCfg = Debug|Any CPU
		{93AABF71-9B88-4112-B5F4-F85FB40E928B}.Debug|Any CPU.Build.0 = Debug|Any CPU
		{93AABF71-9B88-4112-B5F4-F85FB40E928B}.Release|Any CPU.ActiveCfg = Release|Any CPU
		{93AABF71-9B88-4112-B5F4-F85FB40E928B}.Release|Any CPU.Build.0 = Release|Any CPU
		{326B3DFE-F16D-49E1-A927-18D6B31BEE23}.Debug|Any CPU.ActiveCfg = Debug|Any CPU
		{326B3DFE-F16D-49E1-A927-18D6B31BEE23}.Debug|Any CPU.Build.0 = Debug|Any CPU
		{326B3DFE-F16D-49E1-A927-18D6B31BEE23}.Release|Any CPU.ActiveCfg = Release|Any CPU
		{326B3DFE-F16D-49E1-A927-18D6B31BEE23}.Release|Any CPU.Build.0 = Release|Any CPU
		{92D8CEAF-0775-482D-9A12-6718399C8112}.Debug|Any CPU.ActiveCfg = Debug|Any CPU
		{92D8CEAF-0775-482D-9A12-6718399C8112}.Debug|Any CPU.Build.0 = Debug|Any CPU
		{92D8CEAF-0775-482D-9A12-6718399C8112}.Release|Any CPU.ActiveCfg = Release|Any CPU
		{92D8CEAF-0775-482D-9A12-6718399C8112}.Release|Any CPU.Build.0 = Release|Any CPU
	EndGlobalSection
	GlobalSection(SolutionProperties) = preSolution
		HideSolutionNode = FALSE
	EndGlobalSection
EndGlobal
